
Microsoft Visual Studio Solution File, Format Version 12.00
# Visual Studio Version 17
VisualStudioVersion = 17.8.34525.116
MinimumVisualStudioVersion = 10.0.40219.1
Project("{9A19103F-16F7-4668-BE54-9A1E7A4F7556}") = "CarnaCode.Presentation", "CarnaCode.Presentation\CarnaCode.Presentation.csproj", "{273A6318-800D-4AFF-94D9-0A0863E0E293}"
EndProject
Project("{9A19103F-16F7-4668-BE54-9A1E7A4F7556}") = "CarnaCode.Core", "CarnaCode.Core\CarnaCode.Core.csproj", "{43C2A180-867B-4B7B-A714-42F207F73793}"
EndProject
Global
	GlobalSection(SolutionConfigurationPlatforms) = preSolution
		Debug|Any CPU = Debug|Any CPU
		Release|Any CPU = Release|Any CPU
	EndGlobalSection
	GlobalSection(ProjectConfigurationPlatforms) = postSolution
		{273A6318-800D-4AFF-94D9-0A0863E0E293}.Debug|Any CPU.ActiveCfg = Debug|Any CPU
		{273A6318-800D-4AFF-94D9-0A0863E0E293}.Debug|Any CPU.Build.0 = Debug|Any CPU
		{273A6318-800D-4AFF-94D9-0A0863E0E293}.Release|Any CPU.ActiveCfg = Release|Any CPU
		{273A6318-800D-4AFF-94D9-0A0863E0E293}.Release|Any CPU.Build.0 = Release|Any CPU
		{43C2A180-867B-4B7B-A714-42F207F73793}.Debug|Any CPU.ActiveCfg = Debug|Any CPU
		{43C2A180-867B-4B7B-A714-42F207F73793}.Debug|Any CPU.Build.0 = Debug|Any CPU
		{43C2A180-867B-4B7B-A714-42F207F73793}.Release|Any CPU.ActiveCfg = Release|Any CPU
		{43C2A180-867B-4B7B-A714-42F207F73793}.Release|Any CPU.Build.0 = Release|Any CPU
	EndGlobalSection
	GlobalSection(SolutionProperties) = preSolution
		HideSolutionNode = FALSE
	EndGlobalSection
	GlobalSection(ExtensibilityGlobals) = postSolution
		SolutionGuid = {BDD722BE-B326-4C0F-B6A5-22507E7E1698}
	EndGlobalSection
EndGlobal
